
Microsoft Visual Studio Solution File, Format Version 12.00
# Visual Studio 2013
VisualStudioVersion = 12.0.30110.0
MinimumVisualStudioVersion = 10.0.40219.1
Project("{FAE04EC0-301F-11D3-BF4B-00C04F79EFBC}") = "Stucked.Model", "Stucked.Model\Stucked.Model.csproj", "{18FB2DD7-2A2C-4F8A-B81C-57CD1FEB8C32}"
EndProject
Project("{FAE04EC0-301F-11D3-BF4B-00C04F79EFBC}") = "Stucked.API.Tests", "Stucked.API.Tests\Stucked.API.Tests.csproj", "{94A53B5E-E277-4BEE-8B5A-59E0A4A66004}"
EndProject
Project("{FAE04EC0-301F-11D3-BF4B-00C04F79EFBC}") = "Stucked.API", "Stucked.API\Stucked.API.csproj", "{FCA95C1F-B8AE-4A07-A43D-0376D1F96B61}"
EndProject
Global
	GlobalSection(SolutionConfigurationPlatforms) = preSolution
		Debug|Any CPU = Debug|Any CPU
		Release|Any CPU = Release|Any CPU
	EndGlobalSection
	GlobalSection(ProjectConfigurationPlatforms) = postSolution
		{18FB2DD7-2A2C-4F8A-B81C-57CD1FEB8C32}.Debug|Any CPU.ActiveCfg = Debug|Any CPU
		{18FB2DD7-2A2C-4F8A-B81C-57CD1FEB8C32}.Debug|Any CPU.Build.0 = Debug|Any CPU
		{18FB2DD7-2A2C-4F8A-B81C-57CD1FEB8C32}.Release|Any CPU.ActiveCfg = Release|Any CPU
		{18FB2DD7-2A2C-4F8A-B81C-57CD1FEB8C32}.Release|Any CPU.Build.0 = Release|Any CPU
		{94A53B5E-E277-4BEE-8B5A-59E0A4A66004}.Debug|Any CPU.ActiveCfg = Debug|Any CPU
		{94A53B5E-E277-4BEE-8B5A-59E0A4A66004}.Debug|Any CPU.Build.0 = Debug|Any CPU
		{94A53B5E-E277-4BEE-8B5A-59E0A4A66004}.Release|Any CPU.ActiveCfg = Release|Any CPU
		{94A53B5E-E277-4BEE-8B5A-59E0A4A66004}.Release|Any CPU.Build.0 = Release|Any CPU
		{FCA95C1F-B8AE-4A07-A43D-0376D1F96B61}.Debug|Any CPU.ActiveCfg = Debug|Any CPU
		{FCA95C1F-B8AE-4A07-A43D-0376D1F96B61}.Debug|Any CPU.Build.0 = Debug|Any CPU
		{FCA95C1F-B8AE-4A07-A43D-0376D1F96B61}.Release|Any CPU.ActiveCfg = Release|Any CPU
		{FCA95C1F-B8AE-4A07-A43D-0376D1F96B61}.Release|Any CPU.Build.0 = Release|Any CPU
	EndGlobalSection
	GlobalSection(SolutionProperties) = preSolution
		HideSolutionNode = FALSE
	EndGlobalSection
EndGlobal
